PODS:
  - AcknowList (0.1)
  - Cartography (0.6.0)
  - Crashlytics (3.5.0):
    - Fabric (~> 1.6.0)
  - DKCamera (1.1.0)
  - Fabric (1.6.0):
    - Fabric/Base (= 1.6.0)
  - Fabric/Base (1.6.0)
  - FXLabel (1.5.8)
  - GMStepper (1.1.0)
  - Masonry (0.6.3)
  - MGSwipeTableCell (1.5.1)
  - MHVideoPhotoGallery (2.1.3):
    - Masonry
    - SDWebImage
    - TTTAttributedLabel (= 1.13.3)
  - MZTimerLabel (0.5.4)
  - NRSimplePlist (1.0)
  - Realm (0.96.2):
    - Realm/Headers (= 0.96.2)
  - Realm/Headers (0.96.2)
  - RealmSwift (0.96.2):
    - Realm (= 0.96.2)
  - SDWebImage (3.7.3):
    - SDWebImage/Core (= 3.7.3)
  - SDWebImage/Core (3.7.3)
  - SwiftyJSON (2.3.1)
  - SwiftyUserDefaults (2.0.0)
  - SZTextView (1.2.1)
  - TTTAttributedLabel (1.13.3)

DEPENDENCIES:
  - AcknowList
  - Cartography (~> 0.6)
  - Crashlytics
  - DKCamera
  - Fabric
  - FXLabel
  - GMStepper
  - MGSwipeTableCell (~> 1.5.1)
  - MHVideoPhotoGallery
  - MZTimerLabel
  - NRSimplePlist (from `https://github.com/broderboy/NRSimplePlist.git`, branch `swift2`)
  - RealmSwift
  - SwiftyJSON (from `https://github.com/SwiftyJSON/SwiftyJSON.git`)
  - SwiftyUserDefaults
  - SZTextView

EXTERNAL SOURCES:
  NRSimplePlist:
    :branch: swift2
    :git: https://github.com/broderboy/NRSimplePlist.git
  SwiftyJSON:
    :git: https://github.com/SwiftyJSON/SwiftyJSON.git

CHECKOUT OPTIONS:
  NRSimplePlist:
    :commit: 9497a4efbf6460ea2384b5f2680009621e25b3ce
    :git: https://github.com/broderboy/NRSimplePlist.git
  SwiftyJSON:
    :commit: ece271ab33839d11c2153d71fb59c53545132cf9
    :git: https://github.com/SwiftyJSON/SwiftyJSON.git

SPEC CHECKSUMS:
  AcknowList: c5909608e47928763365f58648da5e43e6602e2f
  Cartography: 70af183a248547694a8cfaa6b989cb7e04589985
  Crashlytics: fabfd45d0e8b8dc936c682b97e302b9a49a1c827
  DKCamera: a585dca79dd01f7baa51e1033803ca996cc280f5
  Fabric: d737eda3a26ac940a5430230eedb35f16b226131
  FXLabel: 14f7d4abb0eb531a0824b327a86f5b790171207f
  GMStepper: 3b7922778a80e0eab89a55003ca36b25fc2393b7
  Masonry: ff105a956abcd19a618b2028b121cb638d7a8e2f
  MGSwipeTableCell: a51fa670c01f0aa048f12af040acebf315223137
  MHVideoPhotoGallery: aa36cdd9b75c6d5a19b48005cddb9b730c2e27e8
  MZTimerLabel: cd9bfb9304540ef2a9e163384fca9c978f0dbf83
  NRSimplePlist: c27d95cb456281528885b3c48e15826cf12a970b
  Realm: 3ce8448151c571e90b85002d984d7f93f54fc8a3
  RealmSwift: 485599fe54e35461c4a0daa7d01d8fbf11424873
  SDWebImage: 1d2b1a1efda1ade1b00b6f8498865f8ddedc8a84
  SwiftyJSON: 592b53bee5ef3dd9b3bebc6b9cb7ee35426ae8c3
  SwiftyUserDefaults: 1266e9734c68bcfbac8294ee84173dc8ba6db312
  SZTextView: 906df45afd3c1b24fc5252088d5ef8061513c238
  TTTAttributedLabel: 6f3174aef8e738f44dff97c2eb7d8184f6ab6277

COCOAPODS: 0.39.0
